
Microsoft Visual Studio Solution File, Format Version 12.00
# Visual Studio 15
VisualStudioVersion = 15.0.26730.16
MinimumVisualStudioVersion = 10.0.40219.1
Project("{FAE04EC0-301F-11D3-BF4B-00C04F79EFBC}") = "MvcMovie", "MvcMovie\MvcMovie.csproj", "{CBFF8A96-E9C0-4F07-BC38-530D3FCFC461}"
EndProject
Global
	GlobalSection(SolutionConfigurationPlatforms) = preSolution
		Debug|Any CPU = Debug|Any CPU
		Release|Any CPU = Release|Any CPU
	EndGlobalSection
	GlobalSection(ProjectConfigurationPlatforms) = postSolution
		{CBFF8A96-E9C0-4F07-BC38-530D3FCFC461}.Debug|Any CPU.ActiveCfg = Debug|Any CPU
		{CBFF8A96-E9C0-4F07-BC38-530D3FCFC461}.Debug|Any CPU.Build.0 = Debug|Any CPU
		{CBFF8A96-E9C0-4F07-BC38-530D3FCFC461}.Release|Any CPU.ActiveCfg = Release|Any CPU
		{CBFF8A96-E9C0-4F07-BC38-530D3FCFC461}.Release|Any CPU.Build.0 = Release|Any CPU
	EndGlobalSection
	GlobalSection(SolutionProperties) = preSolution
		HideSolutionNode = FALSE
	EndGlobalSection
	GlobalSection(ExtensibilityGlobals) = postSolution
		SolutionGuid = {99F9D8CC-E2EE-4B59-A7E2-23EFDA8FBDD3}
	EndGlobalSection
EndGlobal
